// !$*UTF8*$!
{
	archiveVersion = 1;
	classes = {
	};
	objectVersion = 46;
	objects = {

/* Begin PBXBuildFile section */
		35D424A0194E9A5D0071C493 /* PlaygroundScene.swift in Sources */ = {isa = PBXBuildFile; fileRef = 35D4249F194E9A5D0071C493 /* PlaygroundScene.swift */; };
		35D424A2194E9C420071C493 /* Helpers.swift in Sources */ = {isa = PBXBuildFile; fileRef = 35D424A1194E9C420071C493 /* Helpers.swift */; };
		35F6B738194BD9600003ACAE /* AppDelegate.swift in Sources */ = {isa = PBXBuildFile; fileRef = 35F6B737194BD9600003ACAE /* AppDelegate.swift */; };
		35F6B73A194BD9600003ACAE /* Images.xcassets in Resources */ = {isa = PBXBuildFile; fileRef = 35F6B739194BD9600003ACAE /* Images.xcassets */; };
		35F6B746194BD9600003ACAE /* HelloSpriteKitTests.swift in Sources */ = {isa = PBXBuildFile; fileRef = 35F6B745194BD9600003ACAE /* HelloSpriteKitTests.swift */; };
		35F6B750194BD98F0003ACAE /* RootViewController.swift in Sources */ = {isa = PBXBuildFile; fileRef = 35F6B74F194BD98E0003ACAE /* RootViewController.swift */; };
		35F6B752194BDA880003ACAE /* HelloScene.swift in Sources */ = {isa = PBXBuildFile; fileRef = 35F6B751194BDA880003ACAE /* HelloScene.swift */; };
		35F6B754194BDD1E0003ACAE /* SpaceshipScene.swift in Sources */ = {isa = PBXBuildFile; fileRef = 35F6B753194BDD1E0003ACAE /* SpaceshipScene.swift */; };
/* End PBXBuildFile section */

/* Begin PBXContainerItemProxy section */
		35F6B740194BD9600003ACAE /* PBXContainerItemProxy */ = {
			isa = PBXContainerItemProxy;
			containerPortal = 35F6B72A194BD9600003ACAE /* Project object */;
			proxyType = 1;
			remoteGlobalIDString = 35F6B731194BD9600003ACAE;
			remoteInfo = HelloSpriteKit;
		};
/* End PBXContainerItemProxy section */

/* Begin PBXFileReference section */
		35295119194C0AAF0088CB9B /* MyPlayground.playground */ = {isa = PBXFileReference; lastKnownFileType = file.playground; path = MyPlayground.playground; sourceTree = "<group>"; };
		35D4249F194E9A5D0071C493 /* PlaygroundScene.swift */ = {isa = PBXFileReference; fileEncoding = 4; lastKnownFileType = sourcecode.swift; path = PlaygroundScene.swift; sourceTree = "<group>"; };
		35D424A1194E9C420071C493 /* Helpers.swift */ = {isa = PBXFileReference; fileEncoding = 4; lastKnownFileType = sourcecode.swift; path = Helpers.swift; sourceTree = "<group>"; };
		35F6B732194BD9600003ACAE /* HelloSpriteKit.app */ = {isa = PBXFileReference; explicitFileType = wrapper.application; includeInIndex = 0; path = HelloSpriteKit.app; sourceTree = BUILT_PRODUCTS_DIR; };
		35F6B736194BD9600003ACAE /* Info.plist */ = {isa = PBXFileReference; lastKnownFileType = text.plist.xml; path = Info.plist; sourceTree = "<group>"; };
		35F6B737194BD9600003ACAE /* AppDelegate.swift */ = {isa = PBXFileReference; lastKnownFileType = sourcecode.swift; path = AppDelegate.swift; sourceTree = "<group>"; };
		35F6B739194BD9600003ACAE /* Images.xcassets */ = {isa = PBXFileReference; lastKnownFileType = folder.assetcatalog; path = Images.xcassets; sourceTree = "<group>"; };
		35F6B73F194BD9600003ACAE /* HelloSpriteKitTests.xctest */ = {isa = PBXFileReference; explicitFileType = wrapper.cfbundle; includeInIndex = 0; path = HelloSpriteKitTests.xctest; sourceTree = BUILT_PRODUCTS_DIR; };
		35F6B744194BD9600003ACAE /* Info.plist */ = {isa = PBXFileReference; lastKnownFileType = text.plist.xml; path = Info.plist; sourceTree = "<group>"; };
		35F6B745194BD9600003ACAE /* HelloSpriteKitTests.swift */ = {isa = PBXFileReference; lastKnownFileType = sourcecode.swift; path = HelloSpriteKitTests.swift; sourceTree = "<group>"; };
		35F6B74F194BD98E0003ACAE /* RootViewController.swift */ = {isa = PBXFileReference; fileEncoding = 4; lastKnownFileType = sourcecode.swift; path = RootViewController.swift; sourceTree = "<group>"; };
		35F6B751194BDA880003ACAE /* HelloScene.swift */ = {isa = PBXFileReference; fileEncoding = 4; lastKnownFileType = sourcecode.swift; path = HelloScene.swift; sourceTree = "<group>"; };
		35F6B753194BDD1E0003ACAE /* SpaceshipScene.swift */ = {isa = PBXFileReference; fileEncoding = 4; lastKnownFileType = sourcecode.swift; path = SpaceshipScene.swift; sourceTree = "<group>"; };
/* End PBXFileReference section */

/* Begin PBXFrameworksBuildPhase section */
		35F6B72F194BD9600003ACAE /* Frameworks */ = {
			isa = PBXFrameworksBuildPhase;
			buildActionMask = 2147483647;
			files = (
			);
			runOnlyForDeploymentPostprocessing = 0;
		};
		35F6B73C194BD9600003ACAE /* Frameworks */ = {
			isa = PBXFrameworksBuildPhase;
			buildActionMask = 2147483647;
			files = (
			);
			runOnlyForDeploymentPostprocessing = 0;
		};
/* End PBXFrameworksBuildPhase section */

/* Begin PBXGroup section */
		35F6B729194BD9600003ACAE = {
			isa = PBXGroup;
			children = (
				35F6B734194BD9600003ACAE /* HelloSpriteKit */,
				35F6B742194BD9600003ACAE /* HelloSpriteKitTests */,
				35F6B733194BD9600003ACAE /* Products */,
			);
			sourceTree = "<group>";
		};
		35F6B733194BD9600003ACAE /* Products */ = {
			isa = PBXGroup;
			children = (
				35F6B732194BD9600003ACAE /* HelloSpriteKit.app */,
				35F6B73F194BD9600003ACAE /* HelloSpriteKitTests.xctest */,
			);
			name = Products;
			sourceTree = "<group>";
		};
		35F6B734194BD9600003ACAE /* HelloSpriteKit */ = {
			isa = PBXGroup;
			children = (
				35F6B737194BD9600003ACAE /* AppDelegate.swift */,
				35F6B739194BD9600003ACAE /* Images.xcassets */,
				35F6B735194BD9600003ACAE /* Supporting Files */,
				35F6B74F194BD98E0003ACAE /* RootViewController.swift */,
				35F6B751194BDA880003ACAE /* HelloScene.swift */,
				35F6B753194BDD1E0003ACAE /* SpaceshipScene.swift */,
				35295119194C0AAF0088CB9B /* MyPlayground.playground */,
				35D4249F194E9A5D0071C493 /* PlaygroundScene.swift */,
				35D424A1194E9C420071C493 /* Helpers.swift */,
			);
			path = HelloSpriteKit;
			sourceTree = "<group>";
		};
		35F6B735194BD9600003ACAE /* Supporting Files */ = {
			isa = PBXGroup;
			children = (
				35F6B736194BD9600003ACAE /* Info.plist */,
			);
			name = "Supporting Files";
			sourceTree = "<group>";
		};
		35F6B742194BD9600003ACAE /* HelloSpriteKitTests */ = {
			isa = PBXGroup;
			children = (
				35F6B745194BD9600003ACAE /* HelloSpriteKitTests.swift */,
				35F6B743194BD9600003ACAE /* Supporting Files */,
			);
			path = HelloSpriteKitTests;
			sourceTree = "<group>";
		};
		35F6B743194BD9600003ACAE /* Supporting Files */ = {
			isa = PBXGroup;
			children = (
				35F6B744194BD9600003ACAE /* Info.plist */,
			);
			name = "Supporting Files";
			sourceTree = "<group>";
		};
/* End PBXGroup section */

/* Begin PBXNativeTarget section */
		35F6B731194BD9600003ACAE /* HelloSpriteKit */ = {
			isa = PBXNativeTarget;
			buildConfigurationList = 35F6B749194BD9600003ACAE /* Build configuration list for PBXNativeTarget "HelloSpriteKit" */;
			buildPhases = (
				35F6B72E194BD9600003ACAE /* Sources */,
				35F6B72F194BD9600003ACAE /* Frameworks */,
				35F6B730194BD9600003ACAE /* Resources */,
			);
			buildRules = (
			);
			dependencies = (
			);
			name = HelloSpriteKit;
			productName = HelloSpriteKit;
			productReference = 35F6B732194BD9600003ACAE /* HelloSpriteKit.app */;
			productType = "com.apple.product-type.application";
		};
		35F6B73E194BD9600003ACAE /* HelloSpriteKitTests */ = {
			isa = PBXNativeTarget;
			buildConfigurationList = 35F6B74C194BD9600003ACAE /* Build configuration list for PBXNativeTarget "HelloSpriteKitTests" */;
			buildPhases = (
				35F6B73B194BD9600003ACAE /* Sources */,
				35F6B73C194BD9600003ACAE /* Frameworks */,
				35F6B73D194BD9600003ACAE /* Resources */,
			);
			buildRules = (
			);
			dependencies = (
				35F6B741194BD9600003ACAE /* PBXTargetDependency */,
			);
			name = HelloSpriteKitTests;
			productName = HelloSpriteKitTests;
			productReference = 35F6B73F194BD9600003ACAE /* HelloSpriteKitTests.xctest */;
			productType = "com.apple.product-type.bundle.unit-test";
		};
/* End PBXNativeTarget section */

/* Begin PBXProject section */
		35F6B72A194BD9600003ACAE /* Project object */ = {
			isa = PBXProject;
			attributes = {
				LastUpgradeCheck = 0600;
				ORGANIZATIONNAME = "Nicolas Ameghino";
				TargetAttributes = {
					35F6B731194BD9600003ACAE = {
						CreatedOnToolsVersion = 6.0;
						DevelopmentTeam = A45WY99R85;
					};
					35F6B73E194BD9600003ACAE = {
						CreatedOnToolsVersion = 6.0;
						TestTargetID = 35F6B731194BD9600003ACAE;
					};
				};
			};
			buildConfigurationList = 35F6B72D194BD9600003ACAE /* Build configuration list for PBXProject "HelloSpriteKit" */;
			compatibilityVersion = "Xcode 3.2";
			developmentRegion = English;
			hasScannedForEncodings = 0;
			knownRegions = (
				en,
			);
			mainGroup = 35F6B729194BD9600003ACAE;
			productRefGroup = 35F6B733194BD9600003ACAE /* Products */;
			projectDirPath = "";
			projectRoot = "";
			targets = (
				35F6B731194BD9600003ACAE /* HelloSpriteKit */,
				35F6B73E194BD9600003ACAE /* HelloSpriteKitTests */,
			);
		};
/* End PBXProject section */

/* Begin PBXResourcesBuildPhase section */
		35F6B730194BD9600003ACAE /* Resources */ = {
			isa = PBXResourcesBuildPhase;
			buildActionMask = 2147483647;
			files = (
				35F6B73A194BD9600003ACAE /* Images.xcassets in Resources */,
			);
			runOnlyForDeploymentPostprocessing = 0;
		};
		35F6B73D194BD9600003ACAE /* Resources */ = {
			isa = PBXResourcesBuildPhase;
			buildActionMask = 2147483647;
			files = (
			);
			runOnlyForDeploymentPostprocessing = 0;
		};
/* End PBXResourcesBuildPhase section */

/* Begin PBXSourcesBuildPhase section */
		35F6B72E194BD9600003ACAE /* Sources */ = {
			isa = PBXSourcesBuildPhase;
			buildActionMask = 2147483647;
			files = (
				35D424A0194E9A5D0071C493 /* PlaygroundScene.swift in Sources */,
				35D424A2194E9C420071C493 /* Helpers.swift in Sources */,
				35F6B752194BDA880003ACAE /* HelloScene.swift in Sources */,
				35F6B754194BDD1E0003ACAE /* SpaceshipScene.swift in Sources */,
				35F6B750194BD98F0003ACAE /* RootViewController.swift in Sources */,
				35F6B738194BD9600003ACAE /* AppDelegate.swift in Sources */,
			);
			runOnlyForDeploymentPostprocessing = 0;
		};
		35F6B73B194BD9600003ACAE /* Sources */ = {
			isa = PBXSourcesBuildPhase;
			buildActionMask = 2147483647;
			files = (
				35F6B746194BD9600003ACAE /* HelloSpriteKitTests.swift in Sources */,
			);
			runOnlyForDeploymentPostprocessing = 0;
		};
/* End PBXSourcesBuildPhase section */

/* Begin PBXTargetDependency section */
		35F6B741194BD9600003ACAE /* PBXTargetDependency */ = {
			isa = PBXTargetDependency;
			target = 35F6B731194BD9600003ACAE /* HelloSpriteKit */;
			targetProxy = 35F6B740194BD9600003ACAE /* PBXContainerItemProxy */;
		};
/* End PBXTargetDependency section */

/* Begin XCBuildConfiguration section */
		35F6B747194BD9600003ACAE /* Debug */ = {
			isa = XCBuildConfiguration;
			buildSettings = {
				ALWAYS_SEARCH_USER_PATHS = NO;
				CLANG_CXX_LANGUAGE_STANDARD = "gnu++0x";
				CLANG_CXX_LIBRARY = "libc++";
				CLANG_ENABLE_MODULES = YES;
				CLANG_ENABLE_OBJC_ARC = YES;
				CLANG_WARN_BOOL_CONVERSION = YES;
				CLANG_WARN_CONSTANT_CONVERSION = YES;
				CLANG_WARN_DIRECT_OBJC_ISA_USAGE = YES_ERROR;
				CLANG_WARN_EMPTY_BODY = YES;
				CLANG_WARN_ENUM_CONVERSION = YES;
				CLANG_WARN_INT_CONVERSION = YES;
				CLANG_WARN_OBJC_ROOT_CLASS = YES_ERROR;
				CLANG_WARN_UNREACHABLE_CODE = YES;
				CLANG_WARN__DUPLICATE_METHOD_MATCH = YES;
				"CODE_SIGN_IDENTITY[sdk=iphoneos*]" = "iPhone Developer";
				COPY_PHASE_STRIP = NO;
				ENABLE_STRICT_OBJC_MSGSEND = YES;
				GCC_C_LANGUAGE_STANDARD = gnu99;
				GCC_DYNAMIC_NO_PIC = NO;
				GCC_OPTIMIZATION_LEVEL = 0;
				GCC_PREPROCESSOR_DEFINITIONS = (
					"DEBUG=1",
					"$(inherited)",
				);
				GCC_SYMBOLS_PRIVATE_EXTERN = NO;
				GCC_WARN_64_TO_32_BIT_CONVERSION = YES;
				GCC_WARN_ABOUT_RETURN_TYPE = YES_ERROR;
				GCC_WARN_UNDECLARED_SELECTOR = YES;
				GCC_WARN_UNINITIALIZED_AUTOS = YES_AGGRESSIVE;
				GCC_WARN_UNUSED_FUNCTION = YES;
				GCC_WARN_UNUSED_VARIABLE = YES;
				IPHONEOS_DEPLOYMENT_TARGET = 8.0;
				METAL_ENABLE_DEBUG_INFO = YES;
				ONLY_ACTIVE_ARCH = YES;
				SDKROOT = iphoneos;
				SWIFT_OPTIMIZATION_LEVEL = "-Onone";
				TARGETED_DEVICE_FAMILY = 2;
			};
			name = Debug;
		};
		35F6B748194BD9600003ACAE /* Release */ = {
			isa = XCBuildConfiguration;
			buildSettings = {
				ALWAYS_SEARCH_USER_PATHS = NO;
				CLANG_CXX_LANGUAGE_STANDARD = "gnu++0x";
				CLANG_CXX_LIBRARY = "libc++";
				CLANG_ENABLE_MODULES = YES;
				CLANG_ENABLE_OBJC_ARC = YES;
				CLANG_WARN_BOOL_CONVERSION = YES;
				CLANG_WARN_CONSTANT_CONVERSION = YES;
				CLANG_WARN_DIRECT_OBJC_ISA_USAGE = YES_ERROR;
				CLANG_WARN_EMPTY_BODY = YES;
				CLANG_WARN_ENUM_CONVERSION = YES;
				CLANG_WARN_INT_CONVERSION = YES;
				CLANG_WARN_OBJC_ROOT_CLASS = YES_ERROR;
				CLANG_WARN_UNREACHABLE_CODE = YES;
				CLANG_WARN__DUPLICATE_METHOD_MATCH = YES;
				"CODE_SIGN_IDENTITY[sdk=iphoneos*]" = "iPhone Developer";
				COPY_PHASE_STRIP = YES;
				ENABLE_NS_ASSERTIONS = NO;
				ENABLE_STRICT_OBJC_MSGSEND = YES;
				GCC_C_LANGUAGE_STANDARD = gnu99;
				GCC_WARN_64_TO_32_BIT_CONVERSION = YES;
				GCC_WARN_ABOUT_RETURN_TYPE = YES_ERROR;
				GCC_WARN_UNDECLARED_SELECTOR = YES;
				GCC_WARN_UNINITIALIZED_AUTOS = YES_AGGRESSIVE;
				GCC_WARN_UNUSED_FUNCTION = YES;
				GCC_WARN_UNUSED_VARIABLE = YES;
				IPHONEOS_DEPLOYMENT_TARGET = 8.0;
				METAL_ENABLE_DEBUG_INFO = NO;
				SDKROOT = iphoneos;
				TARGETED_DEVICE_FAMILY = 2;
				VALIDATE_PRODUCT = YES;
			};
			name = Release;
		};
		35F6B74A194BD9600003ACAE /* Debug */ = {
			isa = XCBuildConfiguration;
			buildSettings = {
				ASSETCATALOG_COMPILER_APPICON_NAME = AppIcon;
				ASSETCATALOG_COMPILER_LAUNCHIMAGE_NAME = LaunchImage;
				CODE_SIGN_IDENTITY = "iPhone Developer";
				"CODE_SIGN_IDENTITY[sdk=iphoneos*]" = "iPhone Developer";
				INFOPLIST_FILE = HelloSpriteKit/Info.plist;
				LD_RUNPATH_SEARCH_PATHS = "$(inherited) @executable_path/Frameworks";
				PRODUCT_NAME = "$(TARGET_NAME)";
				PROVISIONING_PROFILE = "";
			};
			name = Debug;
		};
		35F6B74B194BD9600003ACAE /* Release */ = {
			isa = XCBuildConfiguration;
			buildSettings = {
				ASSETCATALOG_COMPILER_APPICON_NAME = AppIcon;
				ASSETCATALOG_COMPILER_LAUNCHIMAGE_NAME = LaunchImage;
				CODE_SIGN_IDENTITY = "iPhone Developer";
				"CODE_SIGN_IDENTITY[sdk=iphoneos*]" = "iPhone Developer";
				INFOPLIST_FILE = HelloSpriteKit/Info.plist;
				LD_RUNPATH_SEARCH_PATHS = "$(inherited) @executable_path/Frameworks";
				PRODUCT_NAME = "$(TARGET_NAME)";
				PROVISIONING_PROFILE = "";
			};
			name = Release;
		};
		35F6B74D194BD9600003ACAE /* Debug */ = {
			isa = XCBuildConfiguration;
			buildSettings = {
				BUNDLE_LOADER = "$(BUILT_PRODUCTS_DIR)/HelloSpriteKit.app/HelloSpriteKit";
				FRAMEWORK_SEARCH_PATHS = (
					"$(SDKROOT)/Developer/Library/Frameworks",
					"$(inherited)",
				);
				GCC_PREPROCESSOR_DEFINITIONS = (
					"DEBUG=1",
					"$(inherited)",
				);
				INFOPLIST_FILE = HelloSpriteKitTests/Info.plist;
				LD_RUNPATH_SEARCH_PATHS = "$(inherited) @executable_path/Frameworks @loader_path/Frameworks";
				METAL_ENABLE_DEBUG_INFO = YES;
				PRODUCT_NAME = "$(TARGET_NAME)";
				TEST_HOST = "$(BUNDLE_LOADER)";
			};
			name = Debug;
		};
		35F6B74E194BD9600003ACAE /* Release */ = {
			isa = XCBuildConfiguration;
			buildSettings = {
				BUNDLE_LOADER = "$(BUILT_PRODUCTS_DIR)/HelloSpriteKit.app/HelloSpriteKit";
				FRAMEWORK_SEARCH_PATHS = (
					"$(SDKROOT)/Developer/Library/Frameworks",
					"$(inherited)",
				);
				INFOPLIST_FILE = HelloSpriteKitTests/Info.plist;
				LD_RUNPATH_SEARCH_PATHS = "$(inherited) @executable_path/Frameworks @loader_path/Frameworks";
				METAL_ENABLE_DEBUG_INFO = NO;
				PRODUCT_NAME = "$(TARGET_NAME)";
				TEST_HOST = "$(BUNDLE_LOADER)";
			};
			name = Release;
		};
/* End XCBuildConfiguration section */

/* Begin XCConfigurationList section */
		35F6B72D194BD9600003ACAE /* Build configuration list for PBXProject "HelloSpriteKit" */ = {
			isa = XCConfigurationList;
			buildConfigurations = (
				35F6B747194BD9600003ACAE /* Debug */,
				35F6B748194BD9600003ACAE /* Release */,
			);
			defaultConfigurationIsVisible = 0;
			defaultConfigurationName = Release;
		};
		35F6B749194BD9600003ACAE /* Build configuration list for PBXNativeTarget "HelloSpriteKit" */ = {
			isa = XCConfigurationList;
			buildConfigurations = (
				35F6B74A194BD9600003ACAE /* Debug */,
				35F6B74B194BD9600003ACAE /* Release */,
			);
			defaultConfigurationIsVisible = 0;
			defaultConfigurationName = Release;
		};
		35F6B74C194BD9600003ACAE /* Build configuration list for PBXNativeTarget "HelloSpriteKitTests" */ = {
			isa = XCConfigurationList;
			buildConfigurations = (
				35F6B74D194BD9600003ACAE /* Debug */,
				35F6B74E194BD9600003ACAE /* Release */,
			);
			defaultConfigurationIsVisible = 0;
			defaultConfigurationName = Release;
		};
/* End XCConfigurationList section */
	};
	rootObject = 35F6B72A194BD9600003ACAE /* Project object */;
}
